
Microsoft Visual Studio Solution File, Format Version 12.00
# Visual Studio Version 17
VisualStudioVersion = 17.7.34202.233
MinimumVisualStudioVersion = 10.0.40219.1
Project("{2150E333-8FDC-42A3-9474-1A3956D46DE8}") = "Services", "Services", "{8F4072B9-DA25-4FFE-A6E9-B46BECA5A163}"
EndProject
Project("{2150E333-8FDC-42A3-9474-1A3956D46DE8}") = "Catalog", "Catalog", "{06584BB0-E538-4307-9595-29B0B3FF1C0B}"
EndProject
Project("{9A19103F-16F7-4668-BE54-9A1E7A4F7556}") = "Catalog.API", "Services\Catalog\Catalog.API\Catalog.API.csproj", "{2FCA692F-6B8B-40FA-A3DF-C4C3C7F25F9E}"
EndProject
Project("{E53339B2-1760-4266-BCC7-CA923CBCF16C}") = "docker-compose", "docker-compose.dcproj", "{5AA37627-13B8-47E0-8978-7835BD2C1CAF}"
EndProject
Project("{2150E333-8FDC-42A3-9474-1A3956D46DE8}") = "Basket", "Basket", "{4B728946-CDB6-403D-815E-8B184975D358}"
EndProject
Project("{9A19103F-16F7-4668-BE54-9A1E7A4F7556}") = "Basket.API", "Services\Basket\Basket.API\Basket.API.csproj", "{812B1872-8D21-472E-8E6A-F19DFF32E79E}"
EndProject
Project("{2150E333-8FDC-42A3-9474-1A3956D46DE8}") = "Discount", "Discount", "{2E5B5337-9357-4011-9C70-90C5AFECEDDE}"
EndProject
Project("{9A19103F-16F7-4668-BE54-9A1E7A4F7556}") = "Discount.API", "Services\Discount\Discount.API\Discount.API.csproj", "{0719D43D-364F-4232-A2A5-6592B225B775}"
EndProject
Project("{9A19103F-16F7-4668-BE54-9A1E7A4F7556}") = "Discount.Grpc", "Services\Discount\Discount.Grpc\Discount.Grpc.csproj", "{40196ADD-12B5-4450-8871-5F13394B8CF3}"
EndProject
Project("{2150E333-8FDC-42A3-9474-1A3956D46DE8}") = "Ordering", "Ordering", "{6BBC67ED-4EA9-4AFB-991D-BB9DE908C1CF}"
EndProject
Project("{9A19103F-16F7-4668-BE54-9A1E7A4F7556}") = "Ordering.API", "Services\Ordering\Ordering.API\Ordering.API.csproj", "{2BF7BA9B-236C-43E5-8B13-1D57A1F387A4}"
EndProject
Project("{9A19103F-16F7-4668-BE54-9A1E7A4F7556}") = "Ordering.Domain", "Services\Ordering\Ordering.Domain\Ordering.Domain.csproj", "{377224D1-C8AA-4507-B1C1-F34981AA3287}"
EndProject
Project("{9A19103F-16F7-4668-BE54-9A1E7A4F7556}") = "Ordering.Application", "Services\Ordering\Ordering.Application\Ordering.Application.csproj", "{03694AD6-3091-4B6F-9851-1C87B456D25F}"
EndProject
Project("{9A19103F-16F7-4668-BE54-9A1E7A4F7556}") = "Ordering.Infrastructure", "Services\Ordering\Ordering.Infrastructure\Ordering.Infrastructure.csproj", "{7D287A54-46C3-4DBD-B2DC-447B16498B4A}"
EndProject
Project("{2150E333-8FDC-42A3-9474-1A3956D46DE8}") = "BuildingBlocks", "BuildingBlocks", "{F6445B4A-97CD-4C10-A4F5-D101C1A31D4C}"
EndProject
Project("{FAE04EC0-301F-11D3-BF4B-00C04F79EFBC}") = "EventBus.Messages", "BuildingBlocks\EventBus.Messages\EventBus.Messages.csproj", "{AA6CB278-03BB-4C87-8253-60B7274DE8D3}"
EndProject
Global
	GlobalSection(SolutionConfigurationPlatforms) = preSolution
		Debug|Any CPU = Debug|Any CPU
		Release|Any CPU = Release|Any CPU
	EndGlobalSection
	GlobalSection(ProjectConfigurationPlatforms) = postSolution
		{2FCA692F-6B8B-40FA-A3DF-C4C3C7F25F9E}.Debug|Any CPU.ActiveCfg = Debug|Any CPU
		{2FCA692F-6B8B-40FA-A3DF-C4C3C7F25F9E}.Debug|Any CPU.Build.0 = Debug|Any CPU
		{2FCA692F-6B8B-40FA-A3DF-C4C3C7F25F9E}.Release|Any CPU.ActiveCfg = Release|Any CPU
		{2FCA692F-6B8B-40FA-A3DF-C4C3C7F25F9E}.Release|Any CPU.Build.0 = Release|Any CPU
		{5AA37627-13B8-47E0-8978-7835BD2C1CAF}.Debug|Any CPU.ActiveCfg = Debug|Any CPU
		{5AA37627-13B8-47E0-8978-7835BD2C1CAF}.Debug|Any CPU.Build.0 = Debug|Any CPU
		{5AA37627-13B8-47E0-8978-7835BD2C1CAF}.Release|Any CPU.ActiveCfg = Release|Any CPU
		{5AA37627-13B8-47E0-8978-7835BD2C1CAF}.Release|Any CPU.Build.0 = Release|Any CPU
		{812B1872-8D21-472E-8E6A-F19DFF32E79E}.Debug|Any CPU.ActiveCfg = Debug|Any CPU
		{812B1872-8D21-472E-8E6A-F19DFF32E79E}.Debug|Any CPU.Build.0 = Debug|Any CPU
		{812B1872-8D21-472E-8E6A-F19DFF32E79E}.Release|Any CPU.ActiveCfg = Release|Any CPU
		{812B1872-8D21-472E-8E6A-F19DFF32E79E}.Release|Any CPU.Build.0 = Release|Any CPU
		{0719D43D-364F-4232-A2A5-6592B225B775}.Debug|Any CPU.ActiveCfg = Debug|Any CPU
		{0719D43D-364F-4232-A2A5-6592B225B775}.Debug|Any CPU.Build.0 = Debug|Any CPU
		{0719D43D-364F-4232-A2A5-6592B225B775}.Release|Any CPU.ActiveCfg = Release|Any CPU
		{0719D43D-364F-4232-A2A5-6592B225B775}.Release|Any CPU.Build.0 = Release|Any CPU
		{40196ADD-12B5-4450-8871-5F13394B8CF3}.Debug|Any CPU.ActiveCfg = Debug|Any CPU
		{40196ADD-12B5-4450-8871-5F13394B8CF3}.Debug|Any CPU.Build.0 = Debug|Any CPU
		{40196ADD-12B5-4450-8871-5F13394B8CF3}.Release|Any CPU.ActiveCfg = Release|Any CPU
		{40196ADD-12B5-4450-8871-5F13394B8CF3}.Release|Any CPU.Build.0 = Release|Any CPU
		{2BF7BA9B-236C-43E5-8B13-1D57A1F387A4}.Debug|Any CPU.ActiveCfg = Debug|Any CPU
		{2BF7BA9B-236C-43E5-8B13-1D57A1F387A4}.Debug|Any CPU.Build.0 = Debug|Any CPU
		{2BF7BA9B-236C-43E5-8B13-1D57A1F387A4}.Release|Any CPU.ActiveCfg = Release|Any CPU
		{2BF7BA9B-236C-43E5-8B13-1D57A1F387A4}.Release|Any CPU.Build.0 = Release|Any CPU
		{377224D1-C8AA-4507-B1C1-F34981AA3287}.Debug|Any CPU.ActiveCfg = Debug|Any CPU
		{377224D1-C8AA-4507-B1C1-F34981AA3287}.Debug|Any CPU.Build.0 = Debug|Any CPU
		{377224D1-C8AA-4507-B1C1-F34981AA3287}.Release|Any CPU.ActiveCfg = Release|Any CPU
		{377224D1-C8AA-4507-B1C1-F34981AA3287}.Release|Any CPU.Build.0 = Release|Any CPU
		{03694AD6-3091-4B6F-9851-1C87B456D25F}.Debug|Any CPU.ActiveCfg = Debug|Any CPU
		{03694AD6-3091-4B6F-9851-1C87B456D25F}.Debug|Any CPU.Build.0 = Debug|Any CPU
		{03694AD6-3091-4B6F-9851-1C87B456D25F}.Release|Any CPU.ActiveCfg = Release|Any CPU
		{03694AD6-3091-4B6F-9851-1C87B456D25F}.Release|Any CPU.Build.0 = Release|Any CPU
		{7D287A54-46C3-4DBD-B2DC-447B16498B4A}.Debug|Any CPU.ActiveCfg = Debug|Any CPU
		{7D287A54-46C3-4DBD-B2DC-447B16498B4A}.Debug|Any CPU.Build.0 = Debug|Any CPU
		{7D287A54-46C3-4DBD-B2DC-447B16498B4A}.Release|Any CPU.ActiveCfg = Release|Any CPU
		{7D287A54-46C3-4DBD-B2DC-447B16498B4A}.Release|Any CPU.Build.0 = Release|Any CPU
		{AA6CB278-03BB-4C87-8253-60B7274DE8D3}.Debug|Any CPU.ActiveCfg = Debug|Any CPU
		{AA6CB278-03BB-4C87-8253-60B7274DE8D3}.Debug|Any CPU.Build.0 = Debug|Any CPU
		{AA6CB278-03BB-4C87-8253-60B7274DE8D3}.Release|Any CPU.ActiveCfg = Release|Any CPU
		{AA6CB278-03BB-4C87-8253-60B7274DE8D3}.Release|Any CPU.Build.0 = Release|Any CPU
	EndGlobalSection
	GlobalSection(SolutionProperties) = preSolution
		HideSolutionNode = FALSE
	EndGlobalSection
	GlobalSection(NestedProjects) = preSolution
		{06584BB0-E538-4307-9595-29B0B3FF1C0B} = {8F4072B9-DA25-4FFE-A6E9-B46BECA5A163}
		{2FCA692F-6B8B-40FA-A3DF-C4C3C7F25F9E} = {06584BB0-E538-4307-9595-29B0B3FF1C0B}
		{4B728946-CDB6-403D-815E-8B184975D358} = {8F4072B9-DA25-4FFE-A6E9-B46BECA5A163}
		{812B1872-8D21-472E-8E6A-F19DFF32E79E} = {4B728946-CDB6-403D-815E-8B184975D358}
		{2E5B5337-9357-4011-9C70-90C5AFECEDDE} = {8F4072B9-DA25-4FFE-A6E9-B46BECA5A163}
		{0719D43D-364F-4232-A2A5-6592B225B775} = {2E5B5337-9357-4011-9C70-90C5AFECEDDE}
		{40196ADD-12B5-4450-8871-5F13394B8CF3} = {2E5B5337-9357-4011-9C70-90C5AFECEDDE}
		{6BBC67ED-4EA9-4AFB-991D-BB9DE908C1CF} = {8F4072B9-DA25-4FFE-A6E9-B46BECA5A163}
		{2BF7BA9B-236C-43E5-8B13-1D57A1F387A4} = {6BBC67ED-4EA9-4AFB-991D-BB9DE908C1CF}
		{377224D1-C8AA-4507-B1C1-F34981AA3287} = {6BBC67ED-4EA9-4AFB-991D-BB9DE908C1CF}
		{03694AD6-3091-4B6F-9851-1C87B456D25F} = {6BBC67ED-4EA9-4AFB-991D-BB9DE908C1CF}
		{7D287A54-46C3-4DBD-B2DC-447B16498B4A} = {6BBC67ED-4EA9-4AFB-991D-BB9DE908C1CF}
		{AA6CB278-03BB-4C87-8253-60B7274DE8D3} = {F6445B4A-97CD-4C10-A4F5-D101C1A31D4C}
	EndGlobalSection
	GlobalSection(ExtensibilityGlobals) = postSolution
		SolutionGuid = {BAFBBBC0-B802-4C29-A978-CC0D36B125BF}
	EndGlobalSection
EndGlobal
